<?xml version="1.0" encoding="utf-8"?>
<Project ToolsVersion="4.0" xmlns="http://schemas.microsoft.com/developer/msbuild/2003">
  <ItemGroup>
    <Filter Include="Main">
      <UniqueIdentifier>{88c2cbdc-7680-4b6e-950f-887339790ff6}</UniqueIdentifier>
    </Filter>
    <Filter Include="Objects">
      <UniqueIdentifier>{20182fcb-1274-465c-bd3c-7781b469ae73}</UniqueIdentifier>
    </Filter>
    <Filter Include="Buffers">
      <UniqueIdentifier>{d47d95a0-1ac9-4f31-aa89-27bce6b9a2e4}</UniqueIdentifier>
    </Filter>
  </ItemGroup>
  <ItemGroup>
    <ClCompile Include="Core\WindowHandler.cpp">
      <Filter>Main</Filter>
    </ClCompile>
    <ClCompile Include="Core\Engine.cpp">
      <Filter>Main</Filter>
    </ClCompile>
    <ClCompile Include="Rendering\Camera.cpp">
      <Filter>Objects</Filter>
    </ClCompile>
    <ClCompile Include="Rendering\Renderer.cpp">
      <Filter>Main</Filter>
    </ClCompile>
    <ClCompile Include="Rendering\RenderManager.cpp" />
    <ClCompile Include="Core\FrameTimer.cpp" />
    <ClCompile Include="stdafx.cpp" />
    <ClCompile Include="Rendering\2D\SpriteHandler.cpp" />
    <ClCompile Include="Rendering\Models\ModelHandler.cpp">
      <Filter>Objects</Filter>
    </ClCompile>
    <ClCompile Include="Rendering\Models\ModelData.cpp" />
    <ClCompile Include="Rendering\Models\ModelLoaderCustom.cpp" />
    <ClCompile Include="Rendering\2D\2DRenderer.cpp" />
    <ClCompile Include="Rendering\Buffers\CameraBuffer.cpp">
      <Filter>Buffers</Filter>
    </ClCompile>
    <ClCompile Include="Rendering\Buffers\SpriteSheetBuffer.cpp" />
    <ClCompile Include="Rendering\Buffers\WindowSizeBuffer.cpp" />
    <ClCompile Include="Rendering\Buffers\VertexBuffer.cpp" />
    <ClCompile Include="Level Loader\LevelLoaderCustom.cpp" />
    <ClCompile Include="Level Loader\LevelLoader.cpp" />
    <ClCompile Include="Rendering\TextureHandler.cpp" />
    <ClCompile Include="Rendering\SkyBox.cpp" />
    <ClCompile Include="Scene.cpp" />
    <ClCompile Include="SceneManager.cpp" />
    <ClCompile Include="Core\input.cpp" />
    <ClCompile Include="Rendering\Screen Rendering\GBuffer.cpp" />
    <ClCompile Include="Rendering\Screen Rendering\ScreenTexture.cpp" />
    <ClCompile Include="Rendering\Buffers\LightBuffer.cpp" />
    <ClCompile Include="Rendering\Buffers\MaterialBuffer.cpp" />
    <ClCompile Include="Rendering\Screen Rendering\Fullscreen Shaders\FullscreenShader.cpp" />
    <ClCompile Include="Core\DesriptorHeapWrapper.cpp" />
    <ClCompile Include="Rendering\Buffers\CBVBuffer.cpp" />
    <ClCompile Include="Core\D3D12Framework.cpp" />
    <ClCompile Include="Core\FrameResource.cpp" />
    <ClCompile Include="Rendering\Screen Rendering\DirectionalShadowMapping.cpp" />
    <ClCompile Include="Rendering\Screen Rendering\Textures\FullscreenTexture.cpp" />
    <ClCompile Include="Rendering\Models\ModelEffectHandler.cpp" />
    <ClCompile Include="Rendering\Buffers\EffectShaderBuffer.cpp" />
    <ClCompile Include="Rendering\Buffers\PointLightBuffer.cpp" />
    <ClCompile Include="Rendering\Data\LightHandler.cpp" />
    <ClCompile Include="Rendering\Buffers\SSAOBuffer.cpp" />
    <ClCompile Include="Rendering\PSOHandler.cpp" />
    <ClCompile Include="Rendering\Buffers\ConstantBufferData.cpp" />
    <ClCompile Include="Rendering\Screen Rendering\Fullscreen Shaders\KuwaharaFilter.cpp" />
    <ClCompile Include="Physics\PhysicsEngine.cpp" />
    <ClCompile Include="Physics\PhysicsHandler.cpp" />
    <ClCompile Include="Physics\PhysicsBody.cpp" />
    <ClCompile Include="Physics\Body Contacts\ContactListener.cpp" />
    <ClCompile Include="Physics\BodyInterfaceImpl.cpp" />
    <ClCompile Include="Sound\SoundEngine.cpp" />
    <ClCompile Include="Rendering\Screen Rendering\Textures\TextureRenderingHandler.cpp" />
    <ClCompile Include="Rendering\Buffers\BufferHandler.cpp" />
    <ClCompile Include="Rendering\Data\SSAOData.cpp" />
    <ClCompile Include="Rendering\Data\VolumetricLightData.cpp" />
    <ClCompile Include="Rendering\Screen Rendering\TextureRenderer.cpp" />
    <ClCompile Include="Rendering\FrustrumCulling.cpp" />
    <ClCompile Include="Rendering\Screen Rendering\DebugTextureRenderer.cpp" />
    <ClCompile Include="Rendering\Data\DebugRenderingData.cpp" />
    <ClCompile Include="Rendering\Screen Rendering\LightRenderer.cpp" />
    <ClCompile Include="Components\ComponentRegister.cpp" />
  </ItemGroup>
  <ItemGroup>
    <ClInclude Include="Core\WindowHandler.h">
      <Filter>Main</Filter>
    </ClInclude>
    <ClInclude Include="Core\Engine.h">
      <Filter>Main</Filter>
    </ClInclude>
    <ClInclude Include="Core\MathDefinitions.h">
      <Filter>Main</Filter>
    </ClInclude>
    <ClInclude Include="Core\D3D12Header.h">
      <Filter>Main</Filter>
    </ClInclude>
    <ClInclude Include="Rendering\Camera.h">
      <Filter>Objects</Filter>
    </ClInclude>
    <ClInclude Include="Rendering\Renderer.h">
      <Filter>Main</Filter>
    </ClInclude>
    <ClInclude Include="Rendering\RenderManager.h">
      <Filter>Main</Filter>
    </ClInclude>
    <ClInclude Include="Core\FrameTimer.h" />
    <ClInclude Include="stdafx.h" />
    <ClInclude Include="Rendering\VertexAndTextures.h" />
    <ClInclude Include="Rendering\RenderUtility.h" />
    <ClInclude Include="Rendering\2D\SpriteData.h" />
    <ClInclude Include="Rendering\2D\SpriteHandler.h" />
    <ClInclude Include="Rendering\Models\ModelHandler.h">
      <Filter>Objects</Filter>
    </ClInclude>
    <ClInclude Include="Rendering\Models\ModelData.h">
      <Filter>Objects</Filter>
    </ClInclude>
    <ClInclude Include="Rendering\Models\ModelLoaderCustom.h" />
    <ClInclude Include="Rendering\2D\2DRenderer.h" />
    <ClInclude Include="Rendering\2D\Fonts\Font.h" />
    <ClInclude Include="Rendering\Buffers\CameraBuffer.h">
      <Filter>Buffers</Filter>
    </ClInclude>
    <ClInclude Include="Rendering\Buffers\CBVBuffer.h">
      <Filter>Buffers</Filter>
    </ClInclude>
    <ClInclude Include="Rendering\Buffers\SpriteSheetBuffer.h" />
    <ClInclude Include="Rendering\Buffers\WindowSizeBuffer.h" />
    <ClInclude Include="Rendering\Buffers\VertexBuffer.h" />
    <ClInclude Include="Components\2D\Text.h" />
    <ClInclude Include="Components\2D\Sprite.h" />
    <ClInclude Include="Level Loader\LevelLoaderCustom.h" />
    <ClInclude Include="Level Loader\LevelLoader.h" />
    <ClInclude Include="Rendering\TextureHandler.h" />
    <ClInclude Include="Rendering\SkyBox.h" />
    <ClInclude Include="Scene.h" />
    <ClInclude Include="SceneManager.h" />
    <ClInclude Include="Components\Transform.h" />
    <ClInclude Include="Components\GameEntity.h" />
    <ClInclude Include="Components\Model.h" />
    <ClInclude Include="Components\2D\Transform2D.h" />
    <ClInclude Include="Core\input.hpp" />
    <ClInclude Include="Rendering\Screen Rendering\GBuffer.h" />
    <ClInclude Include="Rendering\Screen Rendering\ScreenTexture.h" />
    <ClInclude Include="Components\Light\DirectionalLight.h" />
    <ClInclude Include="Rendering\Buffers\LightBuffer.h" />
    <ClInclude Include="Rendering\Buffers\MaterialBuffer.h" />
    <ClInclude Include="Rendering\Models\Material.h" />
    <ClInclude Include="Rendering\Screen Rendering\Fullscreen Shaders\FullscreenShader.h" />
    <ClInclude Include="Components\Script.h" />
    <ClInclude Include="Core\DesriptorHeapWrapper.h" />
    <ClInclude Include="Core\D3D12Framework.h" />
    <ClInclude Include="Core\FrameResource.h" />
    <ClInclude Include="Rendering\Screen Rendering\DirectionalShadowMapping.h" />
    <ClInclude Include="Rendering\Screen Rendering\Textures\FullscreenTexture.h" />
    <ClInclude Include="Rendering\Models\ModelEffectHandler.h" />
    <ClInclude Include="Components\Render &amp; Effects\ModelEffect.h" />
    <ClInclude Include="Rendering\Models\ModelEffectData.h" />
    <ClInclude Include="Rendering\Buffers\EffectShaderBuffer.h" />
    <ClInclude Include="Components\Render &amp; Effects\WaterPlaneBufferData.h" />
    <ClInclude Include="Components\Light\PointLight.h" />
    <ClInclude Include="Rendering\Buffers\PointLightBuffer.h" />
    <ClInclude Include="Rendering\Data\LightHandler.h" />
    <ClInclude Include="Rendering\Buffers\SSAOBuffer.h" />
    <ClInclude Include="Rendering\PSOHandler.h" />
    <ClInclude Include="Rendering\Buffers\ConstantBufferData.h" />
    <ClInclude Include="Rendering\Screen Rendering\Fullscreen Shaders\KuwaharaFilter.h" />
    <ClInclude Include="Physics\PhysicsEngine.h" />
    <ClInclude Include="Physics\PhysicsLayers.h" />
    <ClInclude Include="Physics\PhysicsHeader.h" />
    <ClInclude Include="Physics\Body Contacts\ContactListener.h" />
    <ClInclude Include="Physics\Body Contacts\BodyActivationListener.h" />
    <ClInclude Include="Physics\PhysicsHandler.h" />
    <ClInclude Include="Components\AllComponents.h" />
    <ClInclude Include="Components\Physics\BoxCollider.h" />
    <ClInclude Include="Physics\PhysicsBody.h" />
    <ClInclude Include="Physics\BodyInterfaceImpl.h" />
    <ClInclude Include="Sound\SoundHeader.h" />
    <ClInclude Include="Sound\SoundEngine.h" />
    <ClInclude Include="Components\Sound\SoundListener.h" />
    <ClInclude Include="Components\Sound\SoundSource.h" />
    <ClInclude Include="Rendering\Screen Rendering\Textures\TextureRenderingHandler.h" />
    <ClInclude Include="Rendering\Buffers\BufferHandler.h" />
    <ClInclude Include="Rendering\Data\SSAOData.h" />
    <ClInclude Include="Rendering\Data\VolumetricLightData.h" />
    <ClInclude Include="Rendering\Screen Rendering\TextureRenderer.h" />
    <ClInclude Include="Core\HelperFunctions.h" />
    <ClInclude Include="Rendering\FrustrumCulling.h" />
    <ClInclude Include="Rendering\Screen Rendering\DebugTextureRenderer.h" />
    <ClInclude Include="Rendering\Data\DebugRenderingData.h" />
    <ClInclude Include="Components\Light\Spotlight.h" />
    <ClInclude Include="Rendering\Screen Rendering\LightRenderer.h" />
    <ClInclude Include="Components\ComponentRegister.h" />
  </ItemGroup>
  <ItemGroup>
    <None Include="packages.config" />
  </ItemGroup>
</Project>