<?xml version="1.0" encoding="utf-8"?>
<Project ToolsVersion="4.0" xmlns="http://schemas.microsoft.com/developer/msbuild/2003">
  <ItemGroup>
    <ClInclude Include="Editor.h" />
    <ClInclude Include="ImguiHandler.h" />
    <ClInclude Include="EditorLoadAndSave.h" />
    <ClInclude Include="FileExplorer.h" />
    <ClInclude Include="ImguiComponentMenus.h" />
    <ClInclude Include="imgui\imconfig.h" />
    <ClInclude Include="imgui\imgui.h" />
    <ClInclude Include="imgui\imgui_internal.h" />
    <ClInclude Include="imgui\imstb_rectpack.h" />
    <ClInclude Include="imgui\imstb_textedit.h" />
    <ClInclude Include="imgui\imstb_truetype.h" />
    <ClInclude Include="imgui\misc\single_file\imgui_single_file.h" />
    <ClInclude Include="imgui\backends\imgui_impl_dx12.h" />
    <ClInclude Include="imgui\backends\imgui_impl_win32.h" />
  </ItemGroup>
  <ItemGroup>
    <ClCompile Include="Editor.cpp" />
    <ClCompile Include="ImguiHandler.cpp" />
    <ClCompile Include="EditorLoadAndSave.cpp" />
    <ClCompile Include="FileExplorer.cpp" />
    <ClCompile Include="ImguiComponentMenus.cpp" />
    <ClCompile Include="imgui\imgui.cpp" />
    <ClCompile Include="imgui\imgui_demo.cpp" />
    <ClCompile Include="imgui\imgui_draw.cpp" />
    <ClCompile Include="imgui\imgui_tables.cpp" />
    <ClCompile Include="imgui\imgui_widgets.cpp" />
    <ClCompile Include="imgui\backends\imgui_impl_dx12.cpp" />
    <ClCompile Include="imgui\backends\imgui_impl_win32.cpp" />
  </ItemGroup>
</Project>